
Microsoft Visual Studio Solution File, Format Version 12.00
# Visual Studio Version 17
VisualStudioVersion = 17.2.32630.192
MinimumVisualStudioVersion = 10.0.40219.1
Project("{2150E333-8FDC-42A3-9474-1A3956D46DE8}") = "FrontEnd", "FrontEnd", "{4FD5BE6D-1482-4263-8BA6-42892913714B}"
EndProject
Project("{9A19103F-16F7-4668-BE54-9A1E7A4F7556}") = "Eagle.Web", "Eagle.Web\Eagle.Web.csproj", "{44FF9C96-1081-4947-97A9-4CE5C3021223}"
EndProject
Project("{2150E333-8FDC-42A3-9474-1A3956D46DE8}") = "Services", "Services", "{630CD901-FFCC-48E9-A65F-AC177AC79183}"
EndProject
Project("{9A19103F-16F7-4668-BE54-9A1E7A4F7556}") = "Eagle.Services.ProductAPI", "Eagle.Services.ProductAPI\Eagle.Services.ProductAPI.csproj", "{7DB50784-0D44-42B5-9A47-BD99C9E3AB79}"
EndProject
Project("{9A19103F-16F7-4668-BE54-9A1E7A4F7556}") = "Mango.Services.Identity", "Eagle.Services.Identity\Mango.Services.Identity.csproj", "{491309F9-C7DA-48F1-871B-D9D0A3ED7E67}"
EndProject
Project("{9A19103F-16F7-4668-BE54-9A1E7A4F7556}") = "Eagle.Services.ShoppingCartAPI", "Eagle.Services.ShoppingCartAPI\Eagle.Services.ShoppingCartAPI.csproj", "{494AE506-AE5A-4CA3-B8DB-E064E5FFDAC9}"
EndProject
Project("{9A19103F-16F7-4668-BE54-9A1E7A4F7556}") = "Eagle.Services.CouponAPI", "Eagle.Services.CouponAPI\Eagle.Services.CouponAPI.csproj", "{2C2399D9-62B7-41E6-AC32-D3A8C4CC2B90}"
EndProject
Project("{2150E333-8FDC-42A3-9474-1A3956D46DE8}") = "Integrations", "Integrations", "{74588023-8953-4ED2-B31A-A5A8D041E49D}"
EndProject
Project("{FAE04EC0-301F-11D3-BF4B-00C04F79EFBC}") = "Eagle.MessageBus", "Eagle.MessageBus\Eagle.MessageBus.csproj", "{F37FA3AB-1505-43E0-B26B-E1C2B42362CC}"
EndProject
Global
	GlobalSection(SolutionConfigurationPlatforms) = preSolution
		Debug|Any CPU = Debug|Any CPU
		Release|Any CPU = Release|Any CPU
	EndGlobalSection
	GlobalSection(ProjectConfigurationPlatforms) = postSolution
		{44FF9C96-1081-4947-97A9-4CE5C3021223}.Debug|Any CPU.ActiveCfg = Debug|Any CPU
		{44FF9C96-1081-4947-97A9-4CE5C3021223}.Debug|Any CPU.Build.0 = Debug|Any CPU
		{44FF9C96-1081-4947-97A9-4CE5C3021223}.Release|Any CPU.ActiveCfg = Release|Any CPU
		{44FF9C96-1081-4947-97A9-4CE5C3021223}.Release|Any CPU.Build.0 = Release|Any CPU
		{7DB50784-0D44-42B5-9A47-BD99C9E3AB79}.Debug|Any CPU.ActiveCfg = Debug|Any CPU
		{7DB50784-0D44-42B5-9A47-BD99C9E3AB79}.Debug|Any CPU.Build.0 = Debug|Any CPU
		{7DB50784-0D44-42B5-9A47-BD99C9E3AB79}.Release|Any CPU.ActiveCfg = Release|Any CPU
		{7DB50784-0D44-42B5-9A47-BD99C9E3AB79}.Release|Any CPU.Build.0 = Release|Any CPU
		{491309F9-C7DA-48F1-871B-D9D0A3ED7E67}.Debug|Any CPU.ActiveCfg = Debug|Any CPU
		{491309F9-C7DA-48F1-871B-D9D0A3ED7E67}.Debug|Any CPU.Build.0 = Debug|Any CPU
		{491309F9-C7DA-48F1-871B-D9D0A3ED7E67}.Release|Any CPU.ActiveCfg = Release|Any CPU
		{491309F9-C7DA-48F1-871B-D9D0A3ED7E67}.Release|Any CPU.Build.0 = Release|Any CPU
		{494AE506-AE5A-4CA3-B8DB-E064E5FFDAC9}.Debug|Any CPU.ActiveCfg = Debug|Any CPU
		{494AE506-AE5A-4CA3-B8DB-E064E5FFDAC9}.Debug|Any CPU.Build.0 = Debug|Any CPU
		{494AE506-AE5A-4CA3-B8DB-E064E5FFDAC9}.Release|Any CPU.ActiveCfg = Release|Any CPU
		{494AE506-AE5A-4CA3-B8DB-E064E5FFDAC9}.Release|Any CPU.Build.0 = Release|Any CPU
		{2C2399D9-62B7-41E6-AC32-D3A8C4CC2B90}.Debug|Any CPU.ActiveCfg = Debug|Any CPU
		{2C2399D9-62B7-41E6-AC32-D3A8C4CC2B90}.Debug|Any CPU.Build.0 = Debug|Any CPU
		{2C2399D9-62B7-41E6-AC32-D3A8C4CC2B90}.Release|Any CPU.ActiveCfg = Release|Any CPU
		{2C2399D9-62B7-41E6-AC32-D3A8C4CC2B90}.Release|Any CPU.Build.0 = Release|Any CPU
		{F37FA3AB-1505-43E0-B26B-E1C2B42362CC}.Debug|Any CPU.ActiveCfg = Debug|Any CPU
		{F37FA3AB-1505-43E0-B26B-E1C2B42362CC}.Debug|Any CPU.Build.0 = Debug|Any CPU
		{F37FA3AB-1505-43E0-B26B-E1C2B42362CC}.Release|Any CPU.ActiveCfg = Release|Any CPU
		{F37FA3AB-1505-43E0-B26B-E1C2B42362CC}.Release|Any CPU.Build.0 = Release|Any CPU
	EndGlobalSection
	GlobalSection(SolutionProperties) = preSolution
		HideSolutionNode = FALSE
	EndGlobalSection
	GlobalSection(NestedProjects) = preSolution
		{44FF9C96-1081-4947-97A9-4CE5C3021223} = {4FD5BE6D-1482-4263-8BA6-42892913714B}
		{7DB50784-0D44-42B5-9A47-BD99C9E3AB79} = {630CD901-FFCC-48E9-A65F-AC177AC79183}
		{491309F9-C7DA-48F1-871B-D9D0A3ED7E67} = {630CD901-FFCC-48E9-A65F-AC177AC79183}
		{494AE506-AE5A-4CA3-B8DB-E064E5FFDAC9} = {630CD901-FFCC-48E9-A65F-AC177AC79183}
		{2C2399D9-62B7-41E6-AC32-D3A8C4CC2B90} = {630CD901-FFCC-48E9-A65F-AC177AC79183}
		{F37FA3AB-1505-43E0-B26B-E1C2B42362CC} = {74588023-8953-4ED2-B31A-A5A8D041E49D}
	EndGlobalSection
	GlobalSection(ExtensibilityGlobals) = postSolution
		SolutionGuid = {C7B40F89-89FC-46C9-A510-F4299CBAF0DC}
	EndGlobalSection
EndGlobal
